
Microsoft Visual Studio Solution File, Format Version 12.00
# Visual Studio Version 17
VisualStudioVersion = 17.2.32602.215
MinimumVisualStudioVersion = 10.0.40219.1
Project("{9A19103F-16F7-4668-BE54-9A1E7A4F7556}") = "MiniStores", "MiniStores\MiniStores.csproj", "{66C933B1-A5B1-415D-80FB-1B70451D1ED1}"
EndProject
Project("{FAE04EC0-301F-11D3-BF4B-00C04F79EFBC}") = "ScreenCL", "ScreenCL\ScreenCL.csproj", "{6CF79A80-0E66-473D-AE4B-A1D2624A9F4E}"
EndProject
Global
	GlobalSection(SolutionConfigurationPlatforms) = preSolution
		Debug|Any CPU = Debug|Any CPU
		Release|Any CPU = Release|Any CPU
	EndGlobalSection
	GlobalSection(ProjectConfigurationPlatforms) = postSolution
		{66C933B1-A5B1-415D-80FB-1B70451D1ED1}.Debug|Any CPU.ActiveCfg = Debug|Any CPU
		{66C933B1-A5B1-415D-80FB-1B70451D1ED1}.Debug|Any CPU.Build.0 = Debug|Any CPU
		{66C933B1-A5B1-415D-80FB-1B70451D1ED1}.Release|Any CPU.ActiveCfg = Release|Any CPU
		{66C933B1-A5B1-415D-80FB-1B70451D1ED1}.Release|Any CPU.Build.0 = Release|Any CPU
		{6CF79A80-0E66-473D-AE4B-A1D2624A9F4E}.Debug|Any CPU.ActiveCfg = Debug|Any CPU
		{6CF79A80-0E66-473D-AE4B-A1D2624A9F4E}.Debug|Any CPU.Build.0 = Debug|Any CPU
		{6CF79A80-0E66-473D-AE4B-A1D2624A9F4E}.Release|Any CPU.ActiveCfg = Release|Any CPU
		{6CF79A80-0E66-473D-AE4B-A1D2624A9F4E}.Release|Any CPU.Build.0 = Release|Any CPU
	EndGlobalSection
	GlobalSection(SolutionProperties) = preSolution
		HideSolutionNode = FALSE
	EndGlobalSection
	GlobalSection(ExtensibilityGlobals) = postSolution
		SolutionGuid = {DA8ED03E-4DB4-4D32-8F4A-618F62DB6AA5}
	EndGlobalSection
EndGlobal
